
Microsoft Visual Studio Solution File, Format Version 12.00
# Visual Studio Version 16
VisualStudioVersion = 16.0.31702.278
MinimumVisualStudioVersion = 10.0.40219.1
Project("{FAE04EC0-301F-11D3-BF4B-00C04F79EFBC}") = "Static Exercise 1", "Static Exercise 1.csproj", "{71D0775C-5B6D-476B-BDDE-3D8656C661B3}"
EndProject
Global
	GlobalSection(SolutionConfigurationPlatforms) = preSolution
		Debug|Any CPU = Debug|Any CPU
		Release|Any CPU = Release|Any CPU
	EndGlobalSection
	GlobalSection(ProjectConfigurationPlatforms) = postSolution
		{71D0775C-5B6D-476B-BDDE-3D8656C661B3}.Debug|Any CPU.ActiveCfg = Debug|Any CPU
		{71D0775C-5B6D-476B-BDDE-3D8656C661B3}.Debug|Any CPU.Build.0 = Debug|Any CPU
		{71D0775C-5B6D-476B-BDDE-3D8656C661B3}.Release|Any CPU.ActiveCfg = Release|Any CPU
		{71D0775C-5B6D-476B-BDDE-3D8656C661B3}.Release|Any CPU.Build.0 = Release|Any CPU
	EndGlobalSection
	GlobalSection(SolutionProperties) = preSolution
		HideSolutionNode = FALSE
	EndGlobalSection
	GlobalSection(ExtensibilityGlobals) = postSolution
		SolutionGuid = {E1F66077-72A0-4BD9-A935-AD07430DA162}
	EndGlobalSection
EndGlobal
